{
  "name": "brain-cli",
  "lockfileVersion": 2,
  "requires": true,
  "packages": {
    "": {
      "dependencies": {
        "text-machine": "^0.5.1"
      }
    },
    "node_modules/text-machine": {
      "version": "0.5.1",
      "resolved": "https://registry.npmjs.org/text-machine/-/text-machine-0.5.1.tgz",
      "integrity": "sha512-VlpvK170bfxX5iaSH5VhgKU/6ZxoYxz7oT8Lkq6jUuFRZyAmovw6UdWW7RV6jdQYPCTBJE8SmOMMlQhETHWtCQ==",
      "engines": {
        "node": ">=14.15.0"
      }
    }
  },
  "dependencies": {
    "text-machine": {
      "version": "0.5.1",
      "resolved": "https://registry.npmjs.org/text-machine/-/text-machine-0.5.1.tgz",
      "integrity": "sha512-VlpvK170bfxX5iaSH5VhgKU/6ZxoYxz7oT8Lkq6jUuFRZyAmovw6UdWW7RV6jdQYPCTBJE8SmOMMlQhETHWtCQ=="
    }
  }
}
